
Microsoft Visual Studio Solution File, Format Version 12.00
# Visual Studio Version 17
VisualStudioVersion = 17.5.33516.290
MinimumVisualStudioVersion = 10.0.40219.1
Project("{FAE04EC0-301F-11D3-BF4B-00C04F79EFBC}") = "CAD_1", "CAD_1.csproj", "{6EE20022-E497-42B9-84D3-83F016CCE952}"
EndProject
Global
	GlobalSection(SolutionConfigurationPlatforms) = preSolution
		Debug|Any CPU = Debug|Any CPU
		Release|Any CPU = Release|Any CPU
	EndGlobalSection
	GlobalSection(ProjectConfigurationPlatforms) = postSolution
		{6EE20022-E497-42B9-84D3-83F016CCE952}.Debug|Any CPU.ActiveCfg = Debug|Any CPU
		{6EE20022-E497-42B9-84D3-83F016CCE952}.Debug|Any CPU.Build.0 = Debug|Any CPU
		{6EE20022-E497-42B9-84D3-83F016CCE952}.Release|Any CPU.ActiveCfg = Release|Any CPU
		{6EE20022-E497-42B9-84D3-83F016CCE952}.Release|Any CPU.Build.0 = Release|Any CPU
	EndGlobalSection
	GlobalSection(SolutionProperties) = preSolution
		HideSolutionNode = FALSE
	EndGlobalSection
	GlobalSection(ExtensibilityGlobals) = postSolution
		SolutionGuid = {A3591959-2576-45D1-9D53-4CC7C3159F14}
	EndGlobalSection
EndGlobal
